
Microsoft Visual Studio Solution File, Format Version 12.00
# Visual Studio Version 16
VisualStudioVersion = 16.0.30611.23
MinimumVisualStudioVersion = 10.0.40219.1
Project("{FAE04EC0-301F-11D3-BF4B-00C04F79EFBC}") = "CCIERantsPhoneControl", "CCIERantsPhoneControl.csproj", "{1364B369-CB0C-4AC5-902A-94F61ABF610F}"
EndProject
Project("{FAE04EC0-301F-11D3-BF4B-00C04F79EFBC}") = "Net", "..\Net\Net\Net.csproj", "{7AB36CCF-5FFD-4780-A54E-A102ECA028B5}"
EndProject
Project("{FAE04EC0-301F-11D3-BF4B-00C04F79EFBC}") = "SImPly-Paging", "..\SImPly-Paging\SImPly-Paging.csproj", "{1114FBEA-D79A-4F76-8219-8845092D7627}"
EndProject
Global
	GlobalSection(SolutionConfigurationPlatforms) = preSolution
		Debug|Any CPU = Debug|Any CPU
		Release|Any CPU = Release|Any CPU
	EndGlobalSection
	GlobalSection(ProjectConfigurationPlatforms) = postSolution
		{1364B369-CB0C-4AC5-902A-94F61ABF610F}.Debug|Any CPU.ActiveCfg = Debug|Any CPU
		{1364B369-CB0C-4AC5-902A-94F61ABF610F}.Debug|Any CPU.Build.0 = Debug|Any CPU
		{1364B369-CB0C-4AC5-902A-94F61ABF610F}.Release|Any CPU.ActiveCfg = Release|Any CPU
		{1364B369-CB0C-4AC5-902A-94F61ABF610F}.Release|Any CPU.Build.0 = Release|Any CPU
		{7AB36CCF-5FFD-4780-A54E-A102ECA028B5}.Debug|Any CPU.ActiveCfg = Debug|Any CPU
		{7AB36CCF-5FFD-4780-A54E-A102ECA028B5}.Debug|Any CPU.Build.0 = Debug|Any CPU
		{7AB36CCF-5FFD-4780-A54E-A102ECA028B5}.Release|Any CPU.ActiveCfg = Release|Any CPU
		{7AB36CCF-5FFD-4780-A54E-A102ECA028B5}.Release|Any CPU.Build.0 = Release|Any CPU
		{1114FBEA-D79A-4F76-8219-8845092D7627}.Debug|Any CPU.ActiveCfg = Debug|Any CPU
		{1114FBEA-D79A-4F76-8219-8845092D7627}.Debug|Any CPU.Build.0 = Debug|Any CPU
		{1114FBEA-D79A-4F76-8219-8845092D7627}.Release|Any CPU.ActiveCfg = Release|Any CPU
		{1114FBEA-D79A-4F76-8219-8845092D7627}.Release|Any CPU.Build.0 = Release|Any CPU
	EndGlobalSection
	GlobalSection(SolutionProperties) = preSolution
		HideSolutionNode = FALSE
	EndGlobalSection
	GlobalSection(ExtensibilityGlobals) = postSolution
		SolutionGuid = {C1177299-D7A8-4624-85C3-A38D752723D3}
	EndGlobalSection
EndGlobal
